{
  "requires": true,
  "lockfileVersion": 1,
  "dependencies": {
    "time-to": {
      "version": "1.2.3",
      "resolved": "https://registry.npmjs.org/time-to/-/time-to-1.2.3.tgz",
      "integrity": "sha512-NiBkQOd3aaEAl6rR7yWagC/xSwBtCRIpjss1hj2Zck8hzqXo5wd+Pp9ZB7Tk/+l90PV5tLef7lOcmZVypoeqAw=="
    }
  }
}
